{
  "name": "TodoList",
  "lockfileVersion": 3,
  "requires": true,
  "packages": {
    "": {
      "dependencies": {
        "bootstrap": "^5.3.2",
        "bootstrap-icons": "^1.11.2",
        "datatables.net-bs5": "^1.13.8",
        "dragula": "^3.7.3",
        "fullcalendar": "^6.1.10",
        "jquery": "^3.7.1",
        "sweetalert2": "^11.10.1"
      }
    },
    "node_modules/@fullcalendar/core": {
      "version": "6.1.10",
      "resolved": "https://registry.npmjs.org/@fullcalendar/core/-/core-6.1.10.tgz",
      "integrity": "sha512-oTXGJSAGpCf1oY+CKp5qYjMHkJCPBkJ3SHitl63n8Q6xKeiwQ4EF6Au451euUovREwJpLmD1AyZrCnWmtB9AVg==",
      "dependencies": {
        "preact": "~10.12.1"
      }
    },
    "node_modules/@fullcalendar/daygrid": {
      "version": "6.1.10",
      "resolved": "https://registry.npmjs.org/@fullcalendar/daygrid/-/daygrid-6.1.10.tgz",
      "integrity": "sha512-Z4GRm1IyHKgxXFTWGcEI0nTsvYOIkpE0aMt3/o3ER2SZkF+hfwcDFhtj0c9+WhMjXFIWYeoTnA9rUOY7Zl/nxA==",
      "peerDependencies": {
        "@fullcalendar/core": "~6.1.10"
      }
    },
    "node_modules/@fullcalendar/interaction": {
      "version": "6.1.10",
      "resolved": "https://registry.npmjs.org/@fullcalendar/interaction/-/interaction-6.1.10.tgz",
      "integrity": "sha512-aZRlwCpmDasq2RNeWV0ub20Uevare9Cb6iMlxCacx0fhOC14H28G9d1FsduJIecInL84SPGwt5ItqAYMsWv7zw==",
      "peerDependencies": {
        "@fullcalendar/core": "~6.1.10"
      }
    },
    "node_modules/@fullcalendar/list": {
      "version": "6.1.10",
      "resolved": "https://registry.npmjs.org/@fullcalendar/list/-/list-6.1.10.tgz",
      "integrity": "sha512-WE4vuSUCzol4tJd0ZP0cNxeyRPaZcsVVYs2I3qdf3OZQkXwDCdSyWEz0Hluf+XZWcZXt21aEYKlxRjwUpQcf4Q==",
      "peerDependencies": {
        "@fullcalendar/core": "~6.1.10"
      }
    },
    "node_modules/@fullcalendar/multimonth": {
      "version": "6.1.10",
      "resolved": "https://registry.npmjs.org/@fullcalendar/multimonth/-/multimonth-6.1.10.tgz",
      "integrity": "sha512-mLGEgD+sv8rNfKphyOCWRQapX7/nAvHgQmDTjuy4STlhHsddCYVmFlsSgF373ph1tXh41wAJUVdNO/pDmCvUfA==",
      "dependencies": {
        "@fullcalendar/daygrid": "~6.1.10"
      },
      "peerDependencies": {
        "@fullcalendar/core": "~6.1.10"
      }
    },
    "node_modules/@fullcalendar/timegrid": {
      "version": "6.1.10",
      "resolved": "https://registry.npmjs.org/@fullcalendar/timegrid/-/timegrid-6.1.10.tgz",
      "integrity": "sha512-hFKyQXJaPbNyq1reZmvkCmM64O99krHoIcJAbDS+dntCm3FzZUcDtAcRKIbMiantHrezCG/1MEYk3m9e3aKvIQ==",
      "dependencies": {
        "@fullcalendar/daygrid": "~6.1.10"
      },
      "peerDependencies": {
        "@fullcalendar/core": "~6.1.10"
      }
    },
    "node_modules/@popperjs/core": {
      "version": "2.11.8",
      "resolved": "https://registry.npmjs.org/@popperjs/core/-/core-2.11.8.tgz",
      "integrity": "sha512-P1st0aksCrn9sGZhp8GMYwBnQsbvAWsZAX44oXNNvLHGqAOcoVxmjZiohstwQ7SqKnbR47akdNi+uleWD8+g6A==",
      "peer": true,
      "funding": {
        "type": "opencollective",
        "url": "https://opencollective.com/popperjs"
      }
    },
    "node_modules/atoa": {
      "version": "1.0.0",
      "resolved": "https://registry.npmjs.org/atoa/-/atoa-1.0.0.tgz",
      "integrity": "sha512-VVE1H6cc4ai+ZXo/CRWoJiHXrA1qfA31DPnx6D20+kSI547hQN5Greh51LQ1baMRMfxO5K5M4ImMtZbZt2DODQ=="
    },
    "node_modules/bootstrap": {
      "version": "5.3.2",
      "resolved": "https://registry.npmjs.org/bootstrap/-/bootstrap-5.3.2.tgz",
      "integrity": "sha512-D32nmNWiQHo94BKHLmOrdjlL05q1c8oxbtBphQFb9Z5to6eGRDCm0QgeaZ4zFBHzfg2++rqa2JkqCcxDy0sH0g==",
      "funding": [
        {
          "type": "github",
          "url": "https://github.com/sponsors/twbs"
        },
        {
          "type": "opencollective",
          "url": "https://opencollective.com/bootstrap"
        }
      ],
      "peerDependencies": {
        "@popperjs/core": "^2.11.8"
      }
    },
    "node_modules/bootstrap-icons": {
      "version": "1.11.2",
      "resolved": "https://registry.npmjs.org/bootstrap-icons/-/bootstrap-icons-1.11.2.tgz",
      "integrity": "sha512-TgdiPv+IM9tgDb+dsxrnGIyocsk85d2M7T0qIgkvPedZeoZfyeG/j+yiAE4uHCEayKef2RP05ahQ0/e9Sv75Wg==",
      "funding": [
        {
          "type": "github",
          "url": "https://github.com/sponsors/twbs"
        },
        {
          "type": "opencollective",
          "url": "https://opencollective.com/bootstrap"
        }
      ]
    },
    "node_modules/contra": {
      "version": "1.9.4",
      "resolved": "https://registry.npmjs.org/contra/-/contra-1.9.4.tgz",
      "integrity": "sha512-N9ArHAqwR/lhPq4OdIAwH4e1btn6EIZMAz4TazjnzCiVECcWUPTma+dRAM38ERImEJBh8NiCCpjoQruSZ+agYg==",
      "dependencies": {
        "atoa": "1.0.0",
        "ticky": "1.0.1"
      }
    },
    "node_modules/crossvent": {
      "version": "1.5.5",
      "resolved": "https://registry.npmjs.org/crossvent/-/crossvent-1.5.5.tgz",
      "integrity": "sha512-MY4xhBYEnVi+pmTpHCOCsCLYczc0PVtGdPBz6NXNXxikLaUZo4HdAeUb1UqAo3t3yXAloSelTmfxJ+/oUqkW5w==",
      "dependencies": {
        "custom-event": "^1.0.0"
      }
    },
    "node_modules/custom-event": {
      "version": "1.0.1",
      "resolved": "https://registry.npmjs.org/custom-event/-/custom-event-1.0.1.tgz",
      "integrity": "sha512-GAj5FOq0Hd+RsCGVJxZuKaIDXDf3h6GQoNEjFgbLLI/trgtavwUbSnZ5pVfg27DVCaWjIohryS0JFwIJyT2cMg=="
    },
    "node_modules/datatables.net": {
      "version": "1.13.8",
      "resolved": "https://registry.npmjs.org/datatables.net/-/datatables.net-1.13.8.tgz",
      "integrity": "sha512-2pDamr+GUwPTby2OgriVB9dR9ftFKD2AQyiuCXzZIiG4d9KkKFQ7gqPfNmG7uj9Tc5kDf+rGj86do4LAb/V71g==",
      "dependencies": {
        "jquery": ">=1.7"
      }
    },
    "node_modules/datatables.net-bs5": {
      "version": "1.13.8",
      "resolved": "https://registry.npmjs.org/datatables.net-bs5/-/datatables.net-bs5-1.13.8.tgz",
      "integrity": "sha512-3B6S8LiKGtUtOsA97SkMddwggrza6JDtubnw1qjFb/mjqDmWO0PC1+QWeUspkLPFQCCbLaSVfXLWMdo44IGEmQ==",
      "dependencies": {
        "datatables.net": "1.13.8",
        "jquery": ">=1.7"
      }
    },
    "node_modules/dragula": {
      "version": "3.7.3",
      "resolved": "https://registry.npmjs.org/dragula/-/dragula-3.7.3.tgz",
      "integrity": "sha512-/rRg4zRhcpf81TyDhaHLtXt6sEywdfpv1cRUMeFFy7DuypH2U0WUL0GTdyAQvXegviT4PJK4KuMmOaIDpICseQ==",
      "dependencies": {
        "contra": "1.9.4",
        "crossvent": "1.5.5"
      }
    },
    "node_modules/fullcalendar": {
      "version": "6.1.10",
      "resolved": "https://registry.npmjs.org/fullcalendar/-/fullcalendar-6.1.10.tgz",
      "integrity": "sha512-JVka6cf3s90vKY221Xa2V8sq42J9SRYxbUILy+o2mIAzG4BqCNLPLr9uBTDtAf7eK3bNhqohnlofRzVBX0BPMw==",
      "dependencies": {
        "@fullcalendar/core": "~6.1.10",
        "@fullcalendar/daygrid": "~6.1.10",
        "@fullcalendar/interaction": "~6.1.10",
        "@fullcalendar/list": "~6.1.10",
        "@fullcalendar/multimonth": "~6.1.10",
        "@fullcalendar/timegrid": "~6.1.10"
      }
    },
    "node_modules/jquery": {
      "version": "3.7.1",
      "resolved": "https://registry.npmjs.org/jquery/-/jquery-3.7.1.tgz",
      "integrity": "sha512-m4avr8yL8kmFN8psrbFFFmB/If14iN5o9nw/NgnnM+kybDJpRsAynV2BsfpTYrTRysYUdADVD7CkUUizgkpLfg=="
    },
    "node_modules/preact": {
      "version": "10.12.1",
      "resolved": "https://registry.npmjs.org/preact/-/preact-10.12.1.tgz",
      "integrity": "sha512-l8386ixSsBdbreOAkqtrwqHwdvR35ID8c3rKPa8lCWuO86dBi32QWHV4vfsZK1utLLFMvw+Z5Ad4XLkZzchscg==",
      "funding": {
        "type": "opencollective",
        "url": "https://opencollective.com/preact"
      }
    },
    "node_modules/sweetalert2": {
      "version": "11.10.1",
      "resolved": "https://registry.npmjs.org/sweetalert2/-/sweetalert2-11.10.1.tgz",
      "integrity": "sha512-qu145oBuFfjYr5yZW9OSdG6YmRxDf8CnkgT/sXMfrXGe+asFy2imC2vlaLQ/L/naZ/JZna1MPAY56G4qYM0VUQ==",
      "funding": {
        "type": "individual",
        "url": "https://github.com/sponsors/limonte"
      }
    },
    "node_modules/ticky": {
      "version": "1.0.1",
      "resolved": "https://registry.npmjs.org/ticky/-/ticky-1.0.1.tgz",
      "integrity": "sha512-RX35iq/D+lrsqhcPWIazM9ELkjOe30MSeoBHQHSsRwd1YuhJO5ui1K1/R0r7N3mFvbLBs33idw+eR6j+w6i/DA=="
    }
  }
}
